
Microsoft Visual Studio Solution File, Format Version 12.00
# Visual Studio Version 16
VisualStudioVersion = 16.0.30225.117
MinimumVisualStudioVersion = 10.0.40219.1
Project("{2150E333-8FDC-42A3-9474-1A3956D46DE8}") = "Microservices", "Microservices", "{668DC7F2-1FC4-48E7-8789-DE232F3FB72E}"
EndProject
Project("{2150E333-8FDC-42A3-9474-1A3956D46DE8}") = "Domain", "Domain", "{46F78281-80E7-471F-9105-2EC4A5365C36}"
EndProject
Project("{2150E333-8FDC-42A3-9474-1A3956D46DE8}") = "Infra.Bus", "Infra.Bus", "{354DD1FD-C085-4983-89C4-E365312B1293}"
EndProject
Project("{2150E333-8FDC-42A3-9474-1A3956D46DE8}") = "Infra.IoC", "Infra.IoC", "{CB339C86-977B-4CB9-8E40-697F3A99E358}"
EndProject
Project("{2150E333-8FDC-42A3-9474-1A3956D46DE8}") = "Presentation", "Presentation", "{DAE34F9D-6D15-4831-8EA8-D4B69C27894B}"
EndProject
Project("{9A19103F-16F7-4668-BE54-9A1E7A4F7556}") = "MicroRabbit.Domain.Core", "MicroRabbit.Domain.Cor\MicroRabbit.Domain.Core.csproj", "{84EC2309-503F-462C-9CBF-D9BE76E5110A}"
EndProject
Project("{9A19103F-16F7-4668-BE54-9A1E7A4F7556}") = "MicroRabbit.Infra.Bus", "MicroRabbit.Infra.Bus\MicroRabbit.Infra.Bus.csproj", "{670B5140-D3BC-4148-AA52-766ADB5DCDDC}"
EndProject
Project("{9A19103F-16F7-4668-BE54-9A1E7A4F7556}") = "MicroRabbit.Infra.IoC", "MicroRabbit.Infra.IoC\MicroRabbit.Infra.IoC.csproj", "{67D43C54-AE04-4273-8A6A-3B66C8DBA10E}"
EndProject
Project("{2150E333-8FDC-42A3-9474-1A3956D46DE8}") = "Banking", "Banking", "{DF23B79E-AECA-442F-936D-1EF9FEDAAEDA}"
EndProject
Project("{2150E333-8FDC-42A3-9474-1A3956D46DE8}") = "Api", "Api", "{E035F32E-1B48-49F0-A96F-D19D05486572}"
EndProject
Project("{2150E333-8FDC-42A3-9474-1A3956D46DE8}") = "Domain", "Domain", "{9E916E22-9A35-475A-BBE6-9C85BAECBC62}"
EndProject
Project("{2150E333-8FDC-42A3-9474-1A3956D46DE8}") = "Application", "Application", "{484827D1-77C5-4802-A326-B5E4DC042E68}"
EndProject
Project("{2150E333-8FDC-42A3-9474-1A3956D46DE8}") = "Data", "Data", "{81F1B1B1-12DE-4201-82D6-E2F9163B3F48}"
EndProject
Project("{9A19103F-16F7-4668-BE54-9A1E7A4F7556}") = "MicroRabbit.Banking.Api", "MicroRabbit.Banking.Api\MicroRabbit.Banking.Api.csproj", "{657DDC48-7D7E-4FD9-82BC-7726677BE305}"
EndProject
Project("{9A19103F-16F7-4668-BE54-9A1E7A4F7556}") = "MicroRabbit.Banking.Application", "MicroRabbit.Banking.Application\MicroRabbit.Banking.Application.csproj", "{E3455E6A-6ACC-458A-8A4B-0EB2958937A8}"
EndProject
Project("{9A19103F-16F7-4668-BE54-9A1E7A4F7556}") = "MicroRabbit.Baking.Data", "MicroRabbit.Baking.Data\MicroRabbit.Baking.Data.csproj", "{F555F87F-4C70-4872-B1A3-627B5123E46E}"
EndProject
Project("{9A19103F-16F7-4668-BE54-9A1E7A4F7556}") = "MicroRabbit.Baking.Domain", "MicroRabbit.Baking.Domain\MicroRabbit.Baking.Domain.csproj", "{87DB79A3-7229-48C9-AECC-5115B62706E0}"
EndProject
Project("{2150E333-8FDC-42A3-9474-1A3956D46DE8}") = "Transfer", "Transfer", "{B1F42064-C2AB-4977-A751-133C65350230}"
EndProject
Project("{2150E333-8FDC-42A3-9474-1A3956D46DE8}") = "Api", "Api", "{94B9D507-9573-465C-89B1-23A30674784E}"
EndProject
Project("{2150E333-8FDC-42A3-9474-1A3956D46DE8}") = "Application", "Application", "{9A599CE2-D403-4937-AC87-7F4FBB1964AB}"
EndProject
Project("{2150E333-8FDC-42A3-9474-1A3956D46DE8}") = "Domain", "Domain", "{0DAB2271-D581-4DAD-AB78-8F06C1BCA14A}"
EndProject
Project("{2150E333-8FDC-42A3-9474-1A3956D46DE8}") = "Data", "Data", "{964809C9-0A8F-4FFE-B531-2D7D952DB50A}"
EndProject
Project("{FAE04EC0-301F-11D3-BF4B-00C04F79EFBC}") = "MicroRabbit.Transfer.Api", "MicroRabbit.Transfer.Api\MicroRabbit.Transfer.Api.csproj", "{76E3F89B-2976-4682-9207-4E6666CE5782}"
EndProject
Project("{FAE04EC0-301F-11D3-BF4B-00C04F79EFBC}") = "MicroRabbit.Transfer.Application", "MicroRabbit.Transfer.Application\MicroRabbit.Transfer.Application.csproj", "{EC7FD5FF-99F7-43D7-A132-FD0A93188166}"
EndProject
Project("{FAE04EC0-301F-11D3-BF4B-00C04F79EFBC}") = "MicroRabbit.Transfer.Domain", "MicroRabbit.Transfer.Domain\MicroRabbit.Transfer.Domain.csproj", "{4DA0E1A3-2EDC-467F-8A51-854FC4594BC7}"
EndProject
Project("{FAE04EC0-301F-11D3-BF4B-00C04F79EFBC}") = "MicroRabbit.Transfer.Data", "MicroRabbit.Transfer.Data\MicroRabbit.Transfer.Data.csproj", "{142B0839-FFF0-47A8-A9D3-CCC2434F38A2}"
EndProject
Global
	GlobalSection(SolutionConfigurationPlatforms) = preSolution
		Debug|Any CPU = Debug|Any CPU
		Release|Any CPU = Release|Any CPU
	EndGlobalSection
	GlobalSection(ProjectConfigurationPlatforms) = postSolution
		{84EC2309-503F-462C-9CBF-D9BE76E5110A}.Debug|Any CPU.ActiveCfg = Debug|Any CPU
		{84EC2309-503F-462C-9CBF-D9BE76E5110A}.Debug|Any CPU.Build.0 = Debug|Any CPU
		{84EC2309-503F-462C-9CBF-D9BE76E5110A}.Release|Any CPU.ActiveCfg = Release|Any CPU
		{84EC2309-503F-462C-9CBF-D9BE76E5110A}.Release|Any CPU.Build.0 = Release|Any CPU
		{670B5140-D3BC-4148-AA52-766ADB5DCDDC}.Debug|Any CPU.ActiveCfg = Debug|Any CPU
		{670B5140-D3BC-4148-AA52-766ADB5DCDDC}.Debug|Any CPU.Build.0 = Debug|Any CPU
		{670B5140-D3BC-4148-AA52-766ADB5DCDDC}.Release|Any CPU.ActiveCfg = Release|Any CPU
		{670B5140-D3BC-4148-AA52-766ADB5DCDDC}.Release|Any CPU.Build.0 = Release|Any CPU
		{67D43C54-AE04-4273-8A6A-3B66C8DBA10E}.Debug|Any CPU.ActiveCfg = Debug|Any CPU
		{67D43C54-AE04-4273-8A6A-3B66C8DBA10E}.Debug|Any CPU.Build.0 = Debug|Any CPU
		{67D43C54-AE04-4273-8A6A-3B66C8DBA10E}.Release|Any CPU.ActiveCfg = Release|Any CPU
		{67D43C54-AE04-4273-8A6A-3B66C8DBA10E}.Release|Any CPU.Build.0 = Release|Any CPU
		{657DDC48-7D7E-4FD9-82BC-7726677BE305}.Debug|Any CPU.ActiveCfg = Debug|Any CPU
		{657DDC48-7D7E-4FD9-82BC-7726677BE305}.Debug|Any CPU.Build.0 = Debug|Any CPU
		{657DDC48-7D7E-4FD9-82BC-7726677BE305}.Release|Any CPU.ActiveCfg = Release|Any CPU
		{657DDC48-7D7E-4FD9-82BC-7726677BE305}.Release|Any CPU.Build.0 = Release|Any CPU
		{E3455E6A-6ACC-458A-8A4B-0EB2958937A8}.Debug|Any CPU.ActiveCfg = Debug|Any CPU
		{E3455E6A-6ACC-458A-8A4B-0EB2958937A8}.Debug|Any CPU.Build.0 = Debug|Any CPU
		{E3455E6A-6ACC-458A-8A4B-0EB2958937A8}.Release|Any CPU.ActiveCfg = Release|Any CPU
		{E3455E6A-6ACC-458A-8A4B-0EB2958937A8}.Release|Any CPU.Build.0 = Release|Any CPU
		{F555F87F-4C70-4872-B1A3-627B5123E46E}.Debug|Any CPU.ActiveCfg = Debug|Any CPU
		{F555F87F-4C70-4872-B1A3-627B5123E46E}.Debug|Any CPU.Build.0 = Debug|Any CPU
		{F555F87F-4C70-4872-B1A3-627B5123E46E}.Release|Any CPU.ActiveCfg = Release|Any CPU
		{F555F87F-4C70-4872-B1A3-627B5123E46E}.Release|Any CPU.Build.0 = Release|Any CPU
		{87DB79A3-7229-48C9-AECC-5115B62706E0}.Debug|Any CPU.ActiveCfg = Debug|Any CPU
		{87DB79A3-7229-48C9-AECC-5115B62706E0}.Debug|Any CPU.Build.0 = Debug|Any CPU
		{87DB79A3-7229-48C9-AECC-5115B62706E0}.Release|Any CPU.ActiveCfg = Release|Any CPU
		{87DB79A3-7229-48C9-AECC-5115B62706E0}.Release|Any CPU.Build.0 = Release|Any CPU
		{76E3F89B-2976-4682-9207-4E6666CE5782}.Debug|Any CPU.ActiveCfg = Debug|Any CPU
		{76E3F89B-2976-4682-9207-4E6666CE5782}.Debug|Any CPU.Build.0 = Debug|Any CPU
		{76E3F89B-2976-4682-9207-4E6666CE5782}.Release|Any CPU.ActiveCfg = Release|Any CPU
		{76E3F89B-2976-4682-9207-4E6666CE5782}.Release|Any CPU.Build.0 = Release|Any CPU
		{EC7FD5FF-99F7-43D7-A132-FD0A93188166}.Debug|Any CPU.ActiveCfg = Debug|Any CPU
		{EC7FD5FF-99F7-43D7-A132-FD0A93188166}.Debug|Any CPU.Build.0 = Debug|Any CPU
		{EC7FD5FF-99F7-43D7-A132-FD0A93188166}.Release|Any CPU.ActiveCfg = Release|Any CPU
		{EC7FD5FF-99F7-43D7-A132-FD0A93188166}.Release|Any CPU.Build.0 = Release|Any CPU
		{4DA0E1A3-2EDC-467F-8A51-854FC4594BC7}.Debug|Any CPU.ActiveCfg = Debug|Any CPU
		{4DA0E1A3-2EDC-467F-8A51-854FC4594BC7}.Debug|Any CPU.Build.0 = Debug|Any CPU
		{4DA0E1A3-2EDC-467F-8A51-854FC4594BC7}.Release|Any CPU.ActiveCfg = Release|Any CPU
		{4DA0E1A3-2EDC-467F-8A51-854FC4594BC7}.Release|Any CPU.Build.0 = Release|Any CPU
		{142B0839-FFF0-47A8-A9D3-CCC2434F38A2}.Debug|Any CPU.ActiveCfg = Debug|Any CPU
		{142B0839-FFF0-47A8-A9D3-CCC2434F38A2}.Debug|Any CPU.Build.0 = Debug|Any CPU
		{142B0839-FFF0-47A8-A9D3-CCC2434F38A2}.Release|Any CPU.ActiveCfg = Release|Any CPU
		{142B0839-FFF0-47A8-A9D3-CCC2434F38A2}.Release|Any CPU.Build.0 = Release|Any CPU
	EndGlobalSection
	GlobalSection(SolutionProperties) = preSolution
		HideSolutionNode = FALSE
	EndGlobalSection
	GlobalSection(NestedProjects) = preSolution
		{84EC2309-503F-462C-9CBF-D9BE76E5110A} = {46F78281-80E7-471F-9105-2EC4A5365C36}
		{670B5140-D3BC-4148-AA52-766ADB5DCDDC} = {354DD1FD-C085-4983-89C4-E365312B1293}
		{67D43C54-AE04-4273-8A6A-3B66C8DBA10E} = {CB339C86-977B-4CB9-8E40-697F3A99E358}
		{DF23B79E-AECA-442F-936D-1EF9FEDAAEDA} = {668DC7F2-1FC4-48E7-8789-DE232F3FB72E}
		{E035F32E-1B48-49F0-A96F-D19D05486572} = {DF23B79E-AECA-442F-936D-1EF9FEDAAEDA}
		{9E916E22-9A35-475A-BBE6-9C85BAECBC62} = {DF23B79E-AECA-442F-936D-1EF9FEDAAEDA}
		{484827D1-77C5-4802-A326-B5E4DC042E68} = {DF23B79E-AECA-442F-936D-1EF9FEDAAEDA}
		{81F1B1B1-12DE-4201-82D6-E2F9163B3F48} = {DF23B79E-AECA-442F-936D-1EF9FEDAAEDA}
		{657DDC48-7D7E-4FD9-82BC-7726677BE305} = {E035F32E-1B48-49F0-A96F-D19D05486572}
		{E3455E6A-6ACC-458A-8A4B-0EB2958937A8} = {484827D1-77C5-4802-A326-B5E4DC042E68}
		{F555F87F-4C70-4872-B1A3-627B5123E46E} = {81F1B1B1-12DE-4201-82D6-E2F9163B3F48}
		{87DB79A3-7229-48C9-AECC-5115B62706E0} = {9E916E22-9A35-475A-BBE6-9C85BAECBC62}
		{B1F42064-C2AB-4977-A751-133C65350230} = {668DC7F2-1FC4-48E7-8789-DE232F3FB72E}
		{94B9D507-9573-465C-89B1-23A30674784E} = {B1F42064-C2AB-4977-A751-133C65350230}
		{9A599CE2-D403-4937-AC87-7F4FBB1964AB} = {B1F42064-C2AB-4977-A751-133C65350230}
		{0DAB2271-D581-4DAD-AB78-8F06C1BCA14A} = {B1F42064-C2AB-4977-A751-133C65350230}
		{964809C9-0A8F-4FFE-B531-2D7D952DB50A} = {B1F42064-C2AB-4977-A751-133C65350230}
		{76E3F89B-2976-4682-9207-4E6666CE5782} = {94B9D507-9573-465C-89B1-23A30674784E}
		{EC7FD5FF-99F7-43D7-A132-FD0A93188166} = {9A599CE2-D403-4937-AC87-7F4FBB1964AB}
		{4DA0E1A3-2EDC-467F-8A51-854FC4594BC7} = {0DAB2271-D581-4DAD-AB78-8F06C1BCA14A}
		{142B0839-FFF0-47A8-A9D3-CCC2434F38A2} = {964809C9-0A8F-4FFE-B531-2D7D952DB50A}
	EndGlobalSection
	GlobalSection(ExtensibilityGlobals) = postSolution
		SolutionGuid = {B24ABF51-645D-43B4-A7B5-DF1BEE54B04A}
	EndGlobalSection
EndGlobal
